
Microsoft Visual Studio Solution File, Format Version 12.00
# Visual Studio 2012
Project("{FAE04EC0-301F-11D3-BF4B-00C04F79EFBC}") = "UnityVS.MKULTRA clean copy.CSharp", "UnityVS.MKULTRA clean copy.CSharp.csproj", "{2EC6AD4F-BDF2-27EE-B534-178A366E5ED4}"
EndProject
Project("{FAE04EC0-301F-11D3-BF4B-00C04F79EFBC}") = "UnityVS.MKULTRA clean copy.CSharp.Editor", "UnityVS.MKULTRA clean copy.CSharp.Editor.csproj", "{FB2FD954-25D3-18CE-6722-400E7191CF67}"
EndProject
Global
	GlobalSection(SolutionConfigurationPlatforms) = preSolution
		Debug|Any CPU = Debug|Any CPU
		Release|Any CPU = Release|Any CPU
	EndGlobalSection
	GlobalSection(ProjectConfigurationPlatforms) = postSolution
		{2EC6AD4F-BDF2-27EE-B534-178A366E5ED4}.Debug|Any CPU.ActiveCfg = Debug|Any CPU
		{2EC6AD4F-BDF2-27EE-B534-178A366E5ED4}.Debug|Any CPU.Build.0 = Debug|Any CPU
		{2EC6AD4F-BDF2-27EE-B534-178A366E5ED4}.Release|Any CPU.ActiveCfg = Release|Any CPU
		{2EC6AD4F-BDF2-27EE-B534-178A366E5ED4}.Release|Any CPU.Build.0 = Release|Any CPU
		{FB2FD954-25D3-18CE-6722-400E7191CF67}.Debug|Any CPU.ActiveCfg = Debug|Any CPU
		{FB2FD954-25D3-18CE-6722-400E7191CF67}.Debug|Any CPU.Build.0 = Debug|Any CPU
		{FB2FD954-25D3-18CE-6722-400E7191CF67}.Release|Any CPU.ActiveCfg = Release|Any CPU
		{FB2FD954-25D3-18CE-6722-400E7191CF67}.Release|Any CPU.Build.0 = Release|Any CPU
	EndGlobalSection
	GlobalSection(SolutionProperties) = preSolution
		HideSolutionNode = FALSE
	EndGlobalSection
EndGlobal
